
Microsoft Visual Studio Solution File, Format Version 12.00
# Visual Studio Version 16
VisualStudioVersion = 16.0.30523.141
MinimumVisualStudioVersion = 10.0.40219.1
Project("{8BC9CEB8-8B4A-11D0-8D11-00A0C91BC942}") = "AES_NI_Testing", "AES_NI_Testing\AES_NI_Testing.vcxproj", "{781E85D8-6C04-43BC-B407-55A40BB61F9E}"
EndProject
Global
	GlobalSection(SolutionConfigurationPlatforms) = preSolution
		Debug|x64 = Debug|x64
		Debug|x86 = Debug|x86
		Release|x64 = Release|x64
		Release|x86 = Release|x86
	EndGlobalSection
	GlobalSection(ProjectConfigurationPlatforms) = postSolution
		{781E85D8-6C04-43BC-B407-55A40BB61F9E}.Debug|x64.ActiveCfg = Debug|x64
		{781E85D8-6C04-43BC-B407-55A40BB61F9E}.Debug|x64.Build.0 = Debug|x64
		{781E85D8-6C04-43BC-B407-55A40BB61F9E}.Debug|x86.ActiveCfg = Debug|Win32
		{781E85D8-6C04-43BC-B407-55A40BB61F9E}.Debug|x86.Build.0 = Debug|Win32
		{781E85D8-6C04-43BC-B407-55A40BB61F9E}.Release|x64.ActiveCfg = Release|x64
		{781E85D8-6C04-43BC-B407-55A40BB61F9E}.Release|x64.Build.0 = Release|x64
		{781E85D8-6C04-43BC-B407-55A40BB61F9E}.Release|x86.ActiveCfg = Release|Win32
		{781E85D8-6C04-43BC-B407-55A40BB61F9E}.Release|x86.Build.0 = Release|Win32
	EndGlobalSection
	GlobalSection(SolutionProperties) = preSolution
		HideSolutionNode = FALSE
	EndGlobalSection
	GlobalSection(ExtensibilityGlobals) = postSolution
		SolutionGuid = {B8BD837A-41C9-4956-8046-D49E052533F9}
	EndGlobalSection
EndGlobal
